PODS:
  - GustyLib (1.0.0):
    - GustyLib/CoreUI (= 1.0.0)
  - GustyLib/CoreUI (1.0.0):
    - GustyLib/Foundation
    - ODRefreshControl (= 1.1.0)
  - GustyLib/Foundation (1.0.0)
  - ODRefreshControl (1.1.0)

DEPENDENCIES:
  - GustyLib

SPEC CHECKSUMS:
  GustyLib: 6e270d82312d47f12a5162c42c20a9ebdd2806f7
  ODRefreshControl: 7bc75258d9dba1f93c4e34654d1e4b5aa39529f0

COCOAPODS: 0.35.0
