PODS:
  - GustyLib (1.0.1):
    - GustyLib/CoreUI (= 1.0.1)
  - GustyLib/CoreUI (1.0.1):
    - GustyLib/Foundation
    - ODRefreshControl (= 1.1.0)
  - GustyLib/Foundation (1.0.1)
  - ODRefreshControl (1.1.0)

DEPENDENCIES:
  - GustyLib (from `/Users/mschroeder/myfiles/projects/Xcode6/GustyLib/GustyLib_development`)

EXTERNAL SOURCES:
  GustyLib:
    :path: /Users/mschroeder/myfiles/projects/Xcode6/GustyLib/GustyLib_development

SPEC CHECKSUMS:
  GustyLib: a6ac7dbda0f20a572dcbc127c1cb4a5effb27323
  ODRefreshControl: 4c4c413bf70d2ea0c02a28ac0a0b3b4bf4dbfdea

COCOAPODS: 0.36.4
